<?xml version="1.0" encoding="utf-8"?>
<Project ToolsVersion="4.0" xmlns="http://schemas.microsoft.com/developer/msbuild/2003">
  <ItemGroup>
    <Filter Include="include">
      <UniqueIdentifier>{c30d30b0-6ea3-40cd-a0a6-9a92831b70c7}</UniqueIdentifier>
    </Filter>
    <Filter Include="source">
      <UniqueIdentifier>{fa06946e-4929-4cdc-8d24-dc58c5f543b5}</UniqueIdentifier>
    </Filter>
  </ItemGroup>
  <ItemGroup>
    <ClInclude Include="..\..\include\mupdf\helpers\pkcs7-check.h">
      <Filter>include</Filter>
    </ClInclude>
    <ClInclude Include="..\..\include\mupdf\helpers\pkcs7-openssl.h">
      <Filter>include</Filter>
    </ClInclude>
  </ItemGroup>
  <ItemGroup>
    <ClCompile Include="..\..\source\helpers\pkcs7\pkcs7-check.c">
      <Filter>source</Filter>
    </ClCompile>
    <ClCompile Include="..\..\source\helpers\pkcs7\pkcs7-openssl.c">
      <Filter>source</Filter>
    </ClCompile>
  </ItemGroup>
</Project>